
Microsoft Visual Studio Solution File, Format Version 12.00
# Visual Studio Version 17
VisualStudioVersion = 17.0.31903.59
MinimumVisualStudioVersion = 10.0.40219.1
Project("{9A19103F-16F7-4668-BE54-9A1E7A4F7556}") = "CC35-SimpleLambdaCustomRuntime", "CC35-SimpleLambdaCustomRuntime\CC35-SimpleLambdaCustomRuntime.csproj", "{FBC22680-3168-4703-8D2F-198C16244F82}"
EndProject
Project("{2150E333-8FDC-42A3-9474-1A3956D46DE8}") = "Demo1-Simple Lambda Functions", "Demo1-Simple Lambda Functions", "{28A1FA2C-426C-49C5-9A0B-C2F5E0970811}"
EndProject
Project("{9A19103F-16F7-4668-BE54-9A1E7A4F7556}") = "CC35-ASPNetCore", "CC35-ASPNetCore\CC35-ASPNetCore.csproj", "{FCFD245D-CF6F-4EEE-A4E8-548A7378DBB2}"
EndProject
Project("{2150E333-8FDC-42A3-9474-1A3956D46DE8}") = "Demo2-ASPNetCore", "Demo2-ASPNetCore", "{5A09F9ED-5345-4DB3-A3E5-8C4C3B05CCB5}"
EndProject
Project("{9A19103F-16F7-4668-BE54-9A1E7A4F7556}") = "CC35-ASPNetCoreTopLevel", "CC35-ASPNetCoreTopLevel\CC35-ASPNetCoreTopLevel.csproj", "{B736D821-3429-4D9C-9466-4B0CF4AEB2DB}"
EndProject
Project("{2150E333-8FDC-42A3-9474-1A3956D46DE8}") = "Demo3-LambdaAnnotations", "Demo3-LambdaAnnotations", "{451A97AD-3BBE-4C5E-A645-C178E8E8AC9E}"
EndProject
Project("{9A19103F-16F7-4668-BE54-9A1E7A4F7556}") = "CC35-APIWithAnnotations", "CC35-APIWithAnnotations\CC35-APIWithAnnotations.csproj", "{08777A74-B169-4FD7-B360-CF57DAFF7900}"
EndProject
Project("{9A19103F-16F7-4668-BE54-9A1E7A4F7556}") = "CC35-SimpleLambdaTopLevel", "CC35-SimpleLambdaTopLevel\CC35-SimpleLambdaTopLevel.csproj", "{5BABD760-A02E-47D2-95B0-778E08E1C5C7}"
EndProject
Project("{2150E333-8FDC-42A3-9474-1A3956D46DE8}") = "Demo4-PowerTools", "Demo4-PowerTools", "{BA40C553-E4E7-4247-A0EE-CBB8AB57C484}"
EndProject
Project("{9A19103F-16F7-4668-BE54-9A1E7A4F7556}") = "CC35-PowerTools", "CC35-PowerTools\CC35-PowerTools.csproj", "{BBDD07FB-6A6D-4381-8489-45343356CF4F}"
EndProject
Project("{2150E333-8FDC-42A3-9474-1A3956D46DE8}") = "Demo5-NativeAOT", "Demo5-NativeAOT", "{95125A1E-25D5-4C45-BCED-6018C9BB9129}"
EndProject
Project("{9A19103F-16F7-4668-BE54-9A1E7A4F7556}") = "CC35-AOT", "CC35-AOT\CC35-AOT.csproj", "{2D6AC63E-C448-4586-AC5D-2A39C3B322DB}"
EndProject
Project("{9A19103F-16F7-4668-BE54-9A1E7A4F7556}") = "CC35-SimpleLambdaHandler", "CC35-SimpleLambdaHandler\CC35-SimpleLambdaHandler.csproj", "{1DABE896-0F50-425B-B20E-EBEAE09EEE69}"
EndProject
Global
	GlobalSection(SolutionConfigurationPlatforms) = preSolution
		Debug|Any CPU = Debug|Any CPU
		Release|Any CPU = Release|Any CPU
	EndGlobalSection
	GlobalSection(ProjectConfigurationPlatforms) = postSolution
		{FBC22680-3168-4703-8D2F-198C16244F82}.Debug|Any CPU.ActiveCfg = Debug|Any CPU
		{FBC22680-3168-4703-8D2F-198C16244F82}.Debug|Any CPU.Build.0 = Debug|Any CPU
		{FBC22680-3168-4703-8D2F-198C16244F82}.Release|Any CPU.ActiveCfg = Release|Any CPU
		{FBC22680-3168-4703-8D2F-198C16244F82}.Release|Any CPU.Build.0 = Release|Any CPU
		{FCFD245D-CF6F-4EEE-A4E8-548A7378DBB2}.Debug|Any CPU.ActiveCfg = Debug|Any CPU
		{FCFD245D-CF6F-4EEE-A4E8-548A7378DBB2}.Debug|Any CPU.Build.0 = Debug|Any CPU
		{FCFD245D-CF6F-4EEE-A4E8-548A7378DBB2}.Release|Any CPU.ActiveCfg = Release|Any CPU
		{FCFD245D-CF6F-4EEE-A4E8-548A7378DBB2}.Release|Any CPU.Build.0 = Release|Any CPU
		{B736D821-3429-4D9C-9466-4B0CF4AEB2DB}.Debug|Any CPU.ActiveCfg = Debug|Any CPU
		{B736D821-3429-4D9C-9466-4B0CF4AEB2DB}.Debug|Any CPU.Build.0 = Debug|Any CPU
		{B736D821-3429-4D9C-9466-4B0CF4AEB2DB}.Release|Any CPU.ActiveCfg = Release|Any CPU
		{B736D821-3429-4D9C-9466-4B0CF4AEB2DB}.Release|Any CPU.Build.0 = Release|Any CPU
		{08777A74-B169-4FD7-B360-CF57DAFF7900}.Debug|Any CPU.ActiveCfg = Debug|Any CPU
		{08777A74-B169-4FD7-B360-CF57DAFF7900}.Debug|Any CPU.Build.0 = Debug|Any CPU
		{08777A74-B169-4FD7-B360-CF57DAFF7900}.Release|Any CPU.ActiveCfg = Release|Any CPU
		{08777A74-B169-4FD7-B360-CF57DAFF7900}.Release|Any CPU.Build.0 = Release|Any CPU
		{5BABD760-A02E-47D2-95B0-778E08E1C5C7}.Debug|Any CPU.ActiveCfg = Debug|Any CPU
		{5BABD760-A02E-47D2-95B0-778E08E1C5C7}.Debug|Any CPU.Build.0 = Debug|Any CPU
		{5BABD760-A02E-47D2-95B0-778E08E1C5C7}.Release|Any CPU.ActiveCfg = Release|Any CPU
		{5BABD760-A02E-47D2-95B0-778E08E1C5C7}.Release|Any CPU.Build.0 = Release|Any CPU
		{BBDD07FB-6A6D-4381-8489-45343356CF4F}.Debug|Any CPU.ActiveCfg = Debug|Any CPU
		{BBDD07FB-6A6D-4381-8489-45343356CF4F}.Debug|Any CPU.Build.0 = Debug|Any CPU
		{BBDD07FB-6A6D-4381-8489-45343356CF4F}.Release|Any CPU.ActiveCfg = Release|Any CPU
		{BBDD07FB-6A6D-4381-8489-45343356CF4F}.Release|Any CPU.Build.0 = Release|Any CPU
		{2D6AC63E-C448-4586-AC5D-2A39C3B322DB}.Debug|Any CPU.ActiveCfg = Debug|Any CPU
		{2D6AC63E-C448-4586-AC5D-2A39C3B322DB}.Debug|Any CPU.Build.0 = Debug|Any CPU
		{2D6AC63E-C448-4586-AC5D-2A39C3B322DB}.Release|Any CPU.ActiveCfg = Release|Any CPU
		{2D6AC63E-C448-4586-AC5D-2A39C3B322DB}.Release|Any CPU.Build.0 = Release|Any CPU
		{1DABE896-0F50-425B-B20E-EBEAE09EEE69}.Debug|Any CPU.ActiveCfg = Debug|Any CPU
		{1DABE896-0F50-425B-B20E-EBEAE09EEE69}.Debug|Any CPU.Build.0 = Debug|Any CPU
		{1DABE896-0F50-425B-B20E-EBEAE09EEE69}.Release|Any CPU.ActiveCfg = Release|Any CPU
		{1DABE896-0F50-425B-B20E-EBEAE09EEE69}.Release|Any CPU.Build.0 = Release|Any CPU
	EndGlobalSection
	GlobalSection(SolutionProperties) = preSolution
		HideSolutionNode = FALSE
	EndGlobalSection
	GlobalSection(NestedProjects) = preSolution
		{FBC22680-3168-4703-8D2F-198C16244F82} = {28A1FA2C-426C-49C5-9A0B-C2F5E0970811}
		{FCFD245D-CF6F-4EEE-A4E8-548A7378DBB2} = {5A09F9ED-5345-4DB3-A3E5-8C4C3B05CCB5}
		{B736D821-3429-4D9C-9466-4B0CF4AEB2DB} = {5A09F9ED-5345-4DB3-A3E5-8C4C3B05CCB5}
		{08777A74-B169-4FD7-B360-CF57DAFF7900} = {451A97AD-3BBE-4C5E-A645-C178E8E8AC9E}
		{5BABD760-A02E-47D2-95B0-778E08E1C5C7} = {28A1FA2C-426C-49C5-9A0B-C2F5E0970811}
		{BBDD07FB-6A6D-4381-8489-45343356CF4F} = {BA40C553-E4E7-4247-A0EE-CBB8AB57C484}
		{2D6AC63E-C448-4586-AC5D-2A39C3B322DB} = {95125A1E-25D5-4C45-BCED-6018C9BB9129}
		{1DABE896-0F50-425B-B20E-EBEAE09EEE69} = {28A1FA2C-426C-49C5-9A0B-C2F5E0970811}
	EndGlobalSection
	GlobalSection(ExtensibilityGlobals) = postSolution
		SolutionGuid = {748204AE-6F82-4C98-BE9E-416A52DA193D}
	EndGlobalSection
EndGlobal
